
Microsoft Visual Studio Solution File, Format Version 12.00
# Visual Studio Version 17
VisualStudioVersion = 17.0.32014.148
MinimumVisualStudioVersion = 10.0.40219.1
Project("{FAE04EC0-301F-11D3-BF4B-00C04F79EFBC}") = "OopsConcept", "OopsConcept.csproj", "{2430FDD3-7E56-4E35-938E-D493555DF1CE}"
EndProject
Global
	GlobalSection(SolutionConfigurationPlatforms) = preSolution
		Debug|Any CPU = Debug|Any CPU
		Release|Any CPU = Release|Any CPU
	EndGlobalSection
	GlobalSection(ProjectConfigurationPlatforms) = postSolution
		{2430FDD3-7E56-4E35-938E-D493555DF1CE}.Debug|Any CPU.ActiveCfg = Debug|Any CPU
		{2430FDD3-7E56-4E35-938E-D493555DF1CE}.Debug|Any CPU.Build.0 = Debug|Any CPU
		{2430FDD3-7E56-4E35-938E-D493555DF1CE}.Release|Any CPU.ActiveCfg = Release|Any CPU
		{2430FDD3-7E56-4E35-938E-D493555DF1CE}.Release|Any CPU.Build.0 = Release|Any CPU
	EndGlobalSection
	GlobalSection(SolutionProperties) = preSolution
		HideSolutionNode = FALSE
	EndGlobalSection
	GlobalSection(ExtensibilityGlobals) = postSolution
		SolutionGuid = {2AEC5C57-5556-4617-A47D-6E372984A687}
	EndGlobalSection
EndGlobal
